
Microsoft Visual Studio Solution File, Format Version 12.00
# Visual Studio Version 17
VisualStudioVersion = 17.10.34916.146
MinimumVisualStudioVersion = 10.0.40219.1
Project("{FAE04EC0-301F-11D3-BF4B-00C04F79EFBC}") = "MozaikaApp", "MozaikaApp\MozaikaApp.csproj", "{00179DD1-4585-4EF2-AF28-876C76098917}"
EndProject
Global
	GlobalSection(SolutionConfigurationPlatforms) = preSolution
		Debug|Any CPU = Debug|Any CPU
		Release|Any CPU = Release|Any CPU
	EndGlobalSection
	GlobalSection(ProjectConfigurationPlatforms) = postSolution
		{00179DD1-4585-4EF2-AF28-876C76098917}.Debug|Any CPU.ActiveCfg = Debug|Any CPU
		{00179DD1-4585-4EF2-AF28-876C76098917}.Debug|Any CPU.Build.0 = Debug|Any CPU
		{00179DD1-4585-4EF2-AF28-876C76098917}.Release|Any CPU.ActiveCfg = Release|Any CPU
		{00179DD1-4585-4EF2-AF28-876C76098917}.Release|Any CPU.Build.0 = Release|Any CPU
	EndGlobalSection
	GlobalSection(SolutionProperties) = preSolution
		HideSolutionNode = FALSE
	EndGlobalSection
	GlobalSection(ExtensibilityGlobals) = postSolution
		SolutionGuid = {1E82CB8C-6F00-4F1D-AE80-60C347037EE6}
	EndGlobalSection
EndGlobal
